
Microsoft Visual Studio Solution File, Format Version 12.00
# Visual Studio Version 16
VisualStudioVersion = 16.0.29911.84
MinimumVisualStudioVersion = 10.0.40219.1
Project("{F184B08F-C81C-45F6-A57F-5ABD9991F28F}") = "WMSOnePlan_Client", "WMSOnePlan_Client\WMSOnePlan_Client.vbproj", "{8E68CE31-392C-44A6-9E26-29425A8C8053}"
	ProjectSection(ProjectDependencies) = postProject
		{FFD26045-9C54-4FD7-ADDB-8C9865F67C1D} = {FFD26045-9C54-4FD7-ADDB-8C9865F67C1D}
		{3DBA5BC7-059F-41CE-9692-C4E875FA6D10} = {3DBA5BC7-059F-41CE-9692-C4E875FA6D10}
	EndProjectSection
EndProject
Project("{2150E333-8FDC-42A3-9474-1A3956D46DE8}") = "Aplicacion", "Aplicacion", "{47B2C646-6300-4189-85B4-3289B766579C}"
EndProject
Project("{2150E333-8FDC-42A3-9474-1A3956D46DE8}") = "WebServices", "WebServices", "{11544A5F-0D39-4E47-8B7C-5D703FBF8B7D}"
EndProject
Project("{2150E333-8FDC-42A3-9474-1A3956D46DE8}") = "Modelo", "Modelo", "{ABE7B544-9AFF-45FF-A341-B73C126DFB60}"
EndProject
Project("{FAE04EC0-301F-11D3-BF4B-00C04F79EFBC}") = "MobilityScm.Modelo", "MobilityScm.Modelo\MobilityScm.Modelo.csproj", "{3DBA5BC7-059F-41CE-9692-C4E875FA6D10}"
	ProjectSection(ProjectDependencies) = postProject
		{FFD26045-9C54-4FD7-ADDB-8C9865F67C1D} = {FFD26045-9C54-4FD7-ADDB-8C9865F67C1D}
	EndProjectSection
EndProject
Project("{FAE04EC0-301F-11D3-BF4B-00C04F79EFBC}") = "MobilityScm.Modelo.Entidades", "MobilityScm.Modelo.Entidades\MobilityScm.Modelo.Entidades.csproj", "{0D4A97D7-6303-4C48-B3A6-1C4314F09C76}"
EndProject
Project("{FAE04EC0-301F-11D3-BF4B-00C04F79EFBC}") = "MobilityScm.Modelo.Vista", "MobilityScm.Modelo.Vista\MobilityScm.Modelo.Vista.csproj", "{D23D2FFB-CD6C-40AC-BB87-78E338FCF32D}"
EndProject
Project("{2150E333-8FDC-42A3-9474-1A3956D46DE8}") = "Installer", "Installer", "{5FB00314-F9AC-459F-AF69-8E9283BAB636}"
EndProject
Project("{2150E333-8FDC-42A3-9474-1A3956D46DE8}") = "PortalWeb", "PortalWeb", "{5D05349C-1161-43E5-B17B-E3BB418E748C}"
EndProject
Project("{FAE04EC0-301F-11D3-BF4B-00C04F79EFBC}") = "MobilityScm.PortalWeb3PL", "MobilityScm.PortalWeb3PL\MobilityScm.PortalWeb3PL.csproj", "{F16985CF-D320-483F-8D28-4E1E3AD110BB}"
EndProject
Project("{FAE04EC0-301F-11D3-BF4B-00C04F79EFBC}") = "MobilityScm.Modelo.PruebaUnitaria", "MobilityScm.Modelo.UnitTest\MobilityScm.Modelo.PruebaUnitaria.csproj", "{EC48DCDB-3BFE-4316-AB6D-CEFA262EE0C5}"
EndProject
Project("{FAE04EC0-301F-11D3-BF4B-00C04F79EFBC}") = "Register", "Register\Register.csproj", "{711E588D-202D-4DB1-9E80-3CBDE8E3283C}"
EndProject
Project("{2150E333-8FDC-42A3-9474-1A3956D46DE8}") = "Kardex", "Kardex", "{3C47C2C7-CF98-4488-ADF7-BA2E857DF1DB}"
EndProject
Project("{F184B08F-C81C-45F6-A57F-5ABD9991F28F}") = "WMSOnePlan_WebForm", "WMSOnePlan_WebForm\WMSOnePlan_WebForm.vbproj", "{21224897-5DE9-42DC-AC5B-B75F1F4CE8E9}"
EndProject
Project("{F184B08F-C81C-45F6-A57F-5ABD9991F28F}") = "WMSOnePlan_BusinessServices", "WMSOnePlan_BusinessServices\WMSOnePlan_BusinessServices.vbproj", "{FFD26045-9C54-4FD7-ADDB-8C9865F67C1D}"
EndProject
Global
	GlobalSection(SolutionConfigurationPlatforms) = preSolution
		Debug|Any CPU = Debug|Any CPU
		Release|Any CPU = Release|Any CPU
	EndGlobalSection
	GlobalSection(ProjectConfigurationPlatforms) = postSolution
		{8E68CE31-392C-44A6-9E26-29425A8C8053}.Debug|Any CPU.ActiveCfg = Debug|Any CPU
		{8E68CE31-392C-44A6-9E26-29425A8C8053}.Debug|Any CPU.Build.0 = Debug|Any CPU
		{8E68CE31-392C-44A6-9E26-29425A8C8053}.Release|Any CPU.ActiveCfg = Release|Any CPU
		{8E68CE31-392C-44A6-9E26-29425A8C8053}.Release|Any CPU.Build.0 = Release|Any CPU
		{3DBA5BC7-059F-41CE-9692-C4E875FA6D10}.Debug|Any CPU.ActiveCfg = Debug|Any CPU
		{3DBA5BC7-059F-41CE-9692-C4E875FA6D10}.Debug|Any CPU.Build.0 = Debug|Any CPU
		{3DBA5BC7-059F-41CE-9692-C4E875FA6D10}.Release|Any CPU.ActiveCfg = Release|Any CPU
		{3DBA5BC7-059F-41CE-9692-C4E875FA6D10}.Release|Any CPU.Build.0 = Release|Any CPU
		{0D4A97D7-6303-4C48-B3A6-1C4314F09C76}.Debug|Any CPU.ActiveCfg = Debug|Any CPU
		{0D4A97D7-6303-4C48-B3A6-1C4314F09C76}.Debug|Any CPU.Build.0 = Debug|Any CPU
		{0D4A97D7-6303-4C48-B3A6-1C4314F09C76}.Release|Any CPU.ActiveCfg = Release|Any CPU
		{0D4A97D7-6303-4C48-B3A6-1C4314F09C76}.Release|Any CPU.Build.0 = Release|Any CPU
		{D23D2FFB-CD6C-40AC-BB87-78E338FCF32D}.Debug|Any CPU.ActiveCfg = Debug|Any CPU
		{D23D2FFB-CD6C-40AC-BB87-78E338FCF32D}.Debug|Any CPU.Build.0 = Debug|Any CPU
		{D23D2FFB-CD6C-40AC-BB87-78E338FCF32D}.Release|Any CPU.ActiveCfg = Release|Any CPU
		{D23D2FFB-CD6C-40AC-BB87-78E338FCF32D}.Release|Any CPU.Build.0 = Release|Any CPU
		{F16985CF-D320-483F-8D28-4E1E3AD110BB}.Debug|Any CPU.ActiveCfg = Debug|Any CPU
		{F16985CF-D320-483F-8D28-4E1E3AD110BB}.Debug|Any CPU.Build.0 = Debug|Any CPU
		{F16985CF-D320-483F-8D28-4E1E3AD110BB}.Release|Any CPU.ActiveCfg = Release|Any CPU
		{F16985CF-D320-483F-8D28-4E1E3AD110BB}.Release|Any CPU.Build.0 = Release|Any CPU
		{EC48DCDB-3BFE-4316-AB6D-CEFA262EE0C5}.Debug|Any CPU.ActiveCfg = Debug|Any CPU
		{EC48DCDB-3BFE-4316-AB6D-CEFA262EE0C5}.Debug|Any CPU.Build.0 = Debug|Any CPU
		{EC48DCDB-3BFE-4316-AB6D-CEFA262EE0C5}.Release|Any CPU.ActiveCfg = Release|Any CPU
		{EC48DCDB-3BFE-4316-AB6D-CEFA262EE0C5}.Release|Any CPU.Build.0 = Release|Any CPU
		{711E588D-202D-4DB1-9E80-3CBDE8E3283C}.Debug|Any CPU.ActiveCfg = Debug|Any CPU
		{711E588D-202D-4DB1-9E80-3CBDE8E3283C}.Debug|Any CPU.Build.0 = Debug|Any CPU
		{711E588D-202D-4DB1-9E80-3CBDE8E3283C}.Release|Any CPU.ActiveCfg = Release|Any CPU
		{711E588D-202D-4DB1-9E80-3CBDE8E3283C}.Release|Any CPU.Build.0 = Release|Any CPU
		{21224897-5DE9-42DC-AC5B-B75F1F4CE8E9}.Debug|Any CPU.ActiveCfg = Debug|Any CPU
		{21224897-5DE9-42DC-AC5B-B75F1F4CE8E9}.Debug|Any CPU.Build.0 = Debug|Any CPU
		{21224897-5DE9-42DC-AC5B-B75F1F4CE8E9}.Release|Any CPU.ActiveCfg = Release|Any CPU
		{21224897-5DE9-42DC-AC5B-B75F1F4CE8E9}.Release|Any CPU.Build.0 = Release|Any CPU
		{FFD26045-9C54-4FD7-ADDB-8C9865F67C1D}.Debug|Any CPU.ActiveCfg = Debug|Any CPU
		{FFD26045-9C54-4FD7-ADDB-8C9865F67C1D}.Debug|Any CPU.Build.0 = Debug|Any CPU
		{FFD26045-9C54-4FD7-ADDB-8C9865F67C1D}.Release|Any CPU.ActiveCfg = Release|Any CPU
		{FFD26045-9C54-4FD7-ADDB-8C9865F67C1D}.Release|Any CPU.Build.0 = Release|Any CPU
	EndGlobalSection
	GlobalSection(SolutionProperties) = preSolution
		HideSolutionNode = FALSE
	EndGlobalSection
	GlobalSection(NestedProjects) = preSolution
		{8E68CE31-392C-44A6-9E26-29425A8C8053} = {47B2C646-6300-4189-85B4-3289B766579C}
		{3DBA5BC7-059F-41CE-9692-C4E875FA6D10} = {ABE7B544-9AFF-45FF-A341-B73C126DFB60}
		{0D4A97D7-6303-4C48-B3A6-1C4314F09C76} = {ABE7B544-9AFF-45FF-A341-B73C126DFB60}
		{D23D2FFB-CD6C-40AC-BB87-78E338FCF32D} = {ABE7B544-9AFF-45FF-A341-B73C126DFB60}
		{F16985CF-D320-483F-8D28-4E1E3AD110BB} = {5D05349C-1161-43E5-B17B-E3BB418E748C}
		{EC48DCDB-3BFE-4316-AB6D-CEFA262EE0C5} = {ABE7B544-9AFF-45FF-A341-B73C126DFB60}
		{711E588D-202D-4DB1-9E80-3CBDE8E3283C} = {5FB00314-F9AC-459F-AF69-8E9283BAB636}
		{21224897-5DE9-42DC-AC5B-B75F1F4CE8E9} = {3C47C2C7-CF98-4488-ADF7-BA2E857DF1DB}
		{FFD26045-9C54-4FD7-ADDB-8C9865F67C1D} = {11544A5F-0D39-4E47-8B7C-5D703FBF8B7D}
	EndGlobalSection
	GlobalSection(ExtensibilityGlobals) = postSolution
		SolutionGuid = {1D8952DB-9666-41EE-9368-301789B205D8}
	EndGlobalSection
EndGlobal
