
Microsoft Visual Studio Solution File, Format Version 10.00
# Visual Studio 2008
Project("{F184B08F-C81C-45F6-A57F-5ABD9991F28F}") = "Swift3PLMobile", "Swift3PLMobile.vbproj", "{73C0722E-C03D-4AC2-951E-0F6528F9F7CB}"
EndProject
Project("{FAE04EC0-301F-11D3-BF4B-00C04F79EFBC}") = "MobilityScm.BarcodeScann", "MobilityScm.BarcodeScann\MobilityScm.BarcodeScann.csproj", "{C463CD79-90ED-479E-ACB9-C9958513C077}"
EndProject
Project("{FAE04EC0-301F-11D3-BF4B-00C04F79EFBC}") = "MobilityScm.Modelo.TipoYEstados.CF", "..\..\MobilityScm.Modelo.TipoYEstados\MobilityScm.Modelo.TipoYEstados.CF.csproj", "{26936AB4-C580-48AF-8B2A-6ECA7942206B}"
EndProject
Project("{FAE04EC0-301F-11D3-BF4B-00C04F79EFBC}") = "MobilityScm.Vertical.CF", "..\..\MobilityScm.Vertical\MobilityScm.Vertical.CF.csproj", "{823C391D-7272-4269-B159-546E3269C743}"
EndProject
Project("{2150E333-8FDC-42A3-9474-1A3956D46DE8}") = "Dispositivo", "Dispositivo", "{7A98B10E-F5BE-49BC-AE2C-B444C5EAEE03}"
EndProject
Project("{2150E333-8FDC-42A3-9474-1A3956D46DE8}") = "TomarFoto", "TomarFoto", "{6979C8D5-4112-4692-B0A0-F1BB2E3ACAAD}"
EndProject
Project("{FAE04EC0-301F-11D3-BF4B-00C04F79EFBC}") = "MobilityScm.TomarFoto", "..\MobilityScm.TomarFoto\MobilityScm.TomarFoto.csproj", "{0101D550-5E2C-4F0D-81AD-81DF8FC9FDBF}"
EndProject
Project("{2150E333-8FDC-42A3-9474-1A3956D46DE8}") = "Pruebas", "Pruebas", "{DF192FCB-99D4-45B2-9FDD-8A0C501BACF4}"
EndProject
Project("{FAE04EC0-301F-11D3-BF4B-00C04F79EFBC}") = "DirectShow", "..\DirectShow\DirectShow\DirectShow.csproj", "{B2B24417-4170-4305-9E26-38578CE41A34}"
EndProject
Project("{FAE04EC0-301F-11D3-BF4B-00C04F79EFBC}") = "ConfiguracionBotonesYModeloDispositivo", "..\ConfiguracionBotonesYModeloDispositivo\ConfiguracionBotonesYModeloDispositivo.csproj", "{06FF75BF-EC22-4733-A4FA-8237BC7CCD24}"
EndProject
Project("{2150E333-8FDC-42A3-9474-1A3956D46DE8}") = "Vertical", "Vertical", "{59DEDED3-9927-4C42-A37B-4B28450D50F2}"
EndProject
Project("{FAE04EC0-301F-11D3-BF4B-00C04F79EFBC}") = "MobilityScm.Keyboard", "..\MobilityScm.Keyboard\MobilityScm.Keyboard.csproj", "{ED6E1213-6BF5-441D-B1BD-44A131E3C684}"
EndProject
Project("{F184B08F-C81C-45F6-A57F-5ABD9991F28F}") = "MyAppSettings", "..\MyAppSettings\MyAppSettings.vbproj", "{54550147-C797-4ED1-AC67-50FF108C7BEB}"
EndProject
Project("{2150E333-8FDC-42A3-9474-1A3956D46DE8}") = "Vistas", "Vistas", "{6E8E5064-77F9-41E2-ADD2-76072AD19F3A}"
EndProject
Project("{FAE04EC0-301F-11D3-BF4B-00C04F79EFBC}") = "MobilityScm.Modelo.Vistas.Conteos", "..\MobilityScm.Modelo.Vistas.Conteos\MobilityScm.Modelo.Vistas.Conteos.csproj", "{D3B57131-095E-440E-8ED4-C4C23ED79527}"
EndProject
Project("{FAE04EC0-301F-11D3-BF4B-00C04F79EFBC}") = "MobilityScm.Louncher", "..\MobilityScm.Louncher\MobilityScm.Louncher.csproj", "{788FDC23-CD25-41CE-9A18-EAF1FCEE2565}"
EndProject
Project("{FAE04EC0-301F-11D3-BF4B-00C04F79EFBC}") = "MobilityScm.Modelo.Vistas.Consultas", "..\MobilityScm.Modelo.Vistas.Consultas\MobilityScm.Modelo.Vistas.Consultas.csproj", "{6A439166-1C18-4257-BEED-E3C25988C080}"
EndProject
Project("{FAE04EC0-301F-11D3-BF4B-00C04F79EFBC}") = "MobilityScm.Modelo.Vistas.Operaciones", "..\MobilityScm.Modelo.Vistas.Operaciones\MobilityScm.Modelo.Vistas.Operaciones.csproj", "{33D73CB9-24FA-46BB-AC36-0AA4D4DACC95}"
EndProject
Project("{FAE04EC0-301F-11D3-BF4B-00C04F79EFBC}") = "MobilityScm.Print", "..\MobilityScm.Print\MobilityScm.Print.csproj", "{46240B17-8FF5-4787-9AC9-10233F4296FC}"
EndProject
Project("{FAE04EC0-301F-11D3-BF4B-00C04F79EFBC}") = "MobilityScm.Modelo.Vistas.Certificacion", "..\MobilityScm.Modelo.Vistas.Certificacion\MobilityScm.Modelo.Vistas.Certificacion.csproj", "{5033C712-5912-4D17-9F70-B7538566B5FA}"
EndProject
Project("{FAE04EC0-301F-11D3-BF4B-00C04F79EFBC}") = "MobilityScm.Modelo.Vistas.EntregaDeDespacho", "..\MobilityScm.Modelo.Vistas.EntregaDeDespacho\MobilityScm.Modelo.Vistas.EntregaDeDespacho.csproj", "{EEE380C4-010C-4DD7-A510-948A3B97D8DC}"
EndProject
Project("{FAE04EC0-301F-11D3-BF4B-00C04F79EFBC}") = "MobilityScm.Bluetooth", "..\MobilityScm.Bluetooth\MobilityScm.Bluetooth.csproj", "{E43AB41E-2E70-4268-8055-F5633C0F932B}"
EndProject
Global
	GlobalSection(SolutionConfigurationPlatforms) = preSolution
		Debug|Any CPU = Debug|Any CPU
		Release|Any CPU = Release|Any CPU
	EndGlobalSection
	GlobalSection(ProjectConfigurationPlatforms) = postSolution
		{73C0722E-C03D-4AC2-951E-0F6528F9F7CB}.Debug|Any CPU.ActiveCfg = Debug|Any CPU
		{73C0722E-C03D-4AC2-951E-0F6528F9F7CB}.Debug|Any CPU.Build.0 = Debug|Any CPU
		{73C0722E-C03D-4AC2-951E-0F6528F9F7CB}.Debug|Any CPU.Deploy.0 = Debug|Any CPU
		{73C0722E-C03D-4AC2-951E-0F6528F9F7CB}.Release|Any CPU.ActiveCfg = Release|Any CPU
		{73C0722E-C03D-4AC2-951E-0F6528F9F7CB}.Release|Any CPU.Build.0 = Release|Any CPU
		{73C0722E-C03D-4AC2-951E-0F6528F9F7CB}.Release|Any CPU.Deploy.0 = Release|Any CPU
		{C463CD79-90ED-479E-ACB9-C9958513C077}.Debug|Any CPU.ActiveCfg = Debug|Any CPU
		{C463CD79-90ED-479E-ACB9-C9958513C077}.Debug|Any CPU.Build.0 = Debug|Any CPU
		{C463CD79-90ED-479E-ACB9-C9958513C077}.Release|Any CPU.ActiveCfg = Release|Any CPU
		{C463CD79-90ED-479E-ACB9-C9958513C077}.Release|Any CPU.Build.0 = Release|Any CPU
		{26936AB4-C580-48AF-8B2A-6ECA7942206B}.Debug|Any CPU.ActiveCfg = Debug|Any CPU
		{26936AB4-C580-48AF-8B2A-6ECA7942206B}.Debug|Any CPU.Build.0 = Debug|Any CPU
		{26936AB4-C580-48AF-8B2A-6ECA7942206B}.Release|Any CPU.ActiveCfg = Release|Any CPU
		{26936AB4-C580-48AF-8B2A-6ECA7942206B}.Release|Any CPU.Build.0 = Release|Any CPU
		{823C391D-7272-4269-B159-546E3269C743}.Debug|Any CPU.ActiveCfg = Debug|Any CPU
		{823C391D-7272-4269-B159-546E3269C743}.Debug|Any CPU.Build.0 = Debug|Any CPU
		{823C391D-7272-4269-B159-546E3269C743}.Release|Any CPU.ActiveCfg = Release|Any CPU
		{823C391D-7272-4269-B159-546E3269C743}.Release|Any CPU.Build.0 = Release|Any CPU
		{0101D550-5E2C-4F0D-81AD-81DF8FC9FDBF}.Debug|Any CPU.ActiveCfg = Debug|Any CPU
		{0101D550-5E2C-4F0D-81AD-81DF8FC9FDBF}.Debug|Any CPU.Build.0 = Debug|Any CPU
		{0101D550-5E2C-4F0D-81AD-81DF8FC9FDBF}.Release|Any CPU.ActiveCfg = Release|Any CPU
		{0101D550-5E2C-4F0D-81AD-81DF8FC9FDBF}.Release|Any CPU.Build.0 = Release|Any CPU
		{B2B24417-4170-4305-9E26-38578CE41A34}.Debug|Any CPU.ActiveCfg = Debug|Any CPU
		{B2B24417-4170-4305-9E26-38578CE41A34}.Debug|Any CPU.Build.0 = Debug|Any CPU
		{B2B24417-4170-4305-9E26-38578CE41A34}.Release|Any CPU.ActiveCfg = Release|Any CPU
		{B2B24417-4170-4305-9E26-38578CE41A34}.Release|Any CPU.Build.0 = Release|Any CPU
		{06FF75BF-EC22-4733-A4FA-8237BC7CCD24}.Debug|Any CPU.ActiveCfg = Debug|Any CPU
		{06FF75BF-EC22-4733-A4FA-8237BC7CCD24}.Debug|Any CPU.Build.0 = Debug|Any CPU
		{06FF75BF-EC22-4733-A4FA-8237BC7CCD24}.Release|Any CPU.ActiveCfg = Release|Any CPU
		{06FF75BF-EC22-4733-A4FA-8237BC7CCD24}.Release|Any CPU.Build.0 = Release|Any CPU
		{ED6E1213-6BF5-441D-B1BD-44A131E3C684}.Debug|Any CPU.ActiveCfg = Debug|Any CPU
		{ED6E1213-6BF5-441D-B1BD-44A131E3C684}.Debug|Any CPU.Build.0 = Debug|Any CPU
		{ED6E1213-6BF5-441D-B1BD-44A131E3C684}.Release|Any CPU.ActiveCfg = Release|Any CPU
		{ED6E1213-6BF5-441D-B1BD-44A131E3C684}.Release|Any CPU.Build.0 = Release|Any CPU
		{54550147-C797-4ED1-AC67-50FF108C7BEB}.Debug|Any CPU.ActiveCfg = Debug|Any CPU
		{54550147-C797-4ED1-AC67-50FF108C7BEB}.Debug|Any CPU.Build.0 = Debug|Any CPU
		{54550147-C797-4ED1-AC67-50FF108C7BEB}.Release|Any CPU.ActiveCfg = Release|Any CPU
		{54550147-C797-4ED1-AC67-50FF108C7BEB}.Release|Any CPU.Build.0 = Release|Any CPU
		{D3B57131-095E-440E-8ED4-C4C23ED79527}.Debug|Any CPU.ActiveCfg = Debug|Any CPU
		{D3B57131-095E-440E-8ED4-C4C23ED79527}.Debug|Any CPU.Build.0 = Debug|Any CPU
		{D3B57131-095E-440E-8ED4-C4C23ED79527}.Release|Any CPU.ActiveCfg = Release|Any CPU
		{D3B57131-095E-440E-8ED4-C4C23ED79527}.Release|Any CPU.Build.0 = Release|Any CPU
		{788FDC23-CD25-41CE-9A18-EAF1FCEE2565}.Debug|Any CPU.ActiveCfg = Debug|Any CPU
		{788FDC23-CD25-41CE-9A18-EAF1FCEE2565}.Debug|Any CPU.Build.0 = Debug|Any CPU
		{788FDC23-CD25-41CE-9A18-EAF1FCEE2565}.Release|Any CPU.ActiveCfg = Release|Any CPU
		{788FDC23-CD25-41CE-9A18-EAF1FCEE2565}.Release|Any CPU.Build.0 = Release|Any CPU
		{6A439166-1C18-4257-BEED-E3C25988C080}.Debug|Any CPU.ActiveCfg = Debug|Any CPU
		{6A439166-1C18-4257-BEED-E3C25988C080}.Debug|Any CPU.Build.0 = Debug|Any CPU
		{6A439166-1C18-4257-BEED-E3C25988C080}.Release|Any CPU.ActiveCfg = Release|Any CPU
		{6A439166-1C18-4257-BEED-E3C25988C080}.Release|Any CPU.Build.0 = Release|Any CPU
		{6A439166-1C18-4257-BEED-E3C25988C080}.Release|Any CPU.Deploy.0 = Release|Any CPU
		{33D73CB9-24FA-46BB-AC36-0AA4D4DACC95}.Debug|Any CPU.ActiveCfg = Debug|Any CPU
		{33D73CB9-24FA-46BB-AC36-0AA4D4DACC95}.Debug|Any CPU.Build.0 = Debug|Any CPU
		{33D73CB9-24FA-46BB-AC36-0AA4D4DACC95}.Release|Any CPU.ActiveCfg = Release|Any CPU
		{33D73CB9-24FA-46BB-AC36-0AA4D4DACC95}.Release|Any CPU.Build.0 = Release|Any CPU
		{46240B17-8FF5-4787-9AC9-10233F4296FC}.Debug|Any CPU.ActiveCfg = Debug|Any CPU
		{46240B17-8FF5-4787-9AC9-10233F4296FC}.Debug|Any CPU.Build.0 = Debug|Any CPU
		{46240B17-8FF5-4787-9AC9-10233F4296FC}.Release|Any CPU.ActiveCfg = Release|Any CPU
		{46240B17-8FF5-4787-9AC9-10233F4296FC}.Release|Any CPU.Build.0 = Release|Any CPU
		{5033C712-5912-4D17-9F70-B7538566B5FA}.Debug|Any CPU.ActiveCfg = Debug|Any CPU
		{5033C712-5912-4D17-9F70-B7538566B5FA}.Debug|Any CPU.Build.0 = Debug|Any CPU
		{5033C712-5912-4D17-9F70-B7538566B5FA}.Release|Any CPU.ActiveCfg = Release|Any CPU
		{5033C712-5912-4D17-9F70-B7538566B5FA}.Release|Any CPU.Build.0 = Release|Any CPU
		{5033C712-5912-4D17-9F70-B7538566B5FA}.Release|Any CPU.Deploy.0 = Release|Any CPU
		{EEE380C4-010C-4DD7-A510-948A3B97D8DC}.Debug|Any CPU.ActiveCfg = Debug|Any CPU
		{EEE380C4-010C-4DD7-A510-948A3B97D8DC}.Debug|Any CPU.Build.0 = Debug|Any CPU
		{EEE380C4-010C-4DD7-A510-948A3B97D8DC}.Release|Any CPU.ActiveCfg = Release|Any CPU
		{EEE380C4-010C-4DD7-A510-948A3B97D8DC}.Release|Any CPU.Build.0 = Release|Any CPU
		{E43AB41E-2E70-4268-8055-F5633C0F932B}.Debug|Any CPU.ActiveCfg = Debug|Any CPU
		{E43AB41E-2E70-4268-8055-F5633C0F932B}.Debug|Any CPU.Build.0 = Debug|Any CPU
		{E43AB41E-2E70-4268-8055-F5633C0F932B}.Release|Any CPU.ActiveCfg = Release|Any CPU
		{E43AB41E-2E70-4268-8055-F5633C0F932B}.Release|Any CPU.Build.0 = Release|Any CPU
	EndGlobalSection
	GlobalSection(SolutionProperties) = preSolution
		HideSolutionNode = FALSE
	EndGlobalSection
	GlobalSection(NestedProjects) = preSolution
		{C463CD79-90ED-479E-ACB9-C9958513C077} = {7A98B10E-F5BE-49BC-AE2C-B444C5EAEE03}
		{ED6E1213-6BF5-441D-B1BD-44A131E3C684} = {7A98B10E-F5BE-49BC-AE2C-B444C5EAEE03}
		{54550147-C797-4ED1-AC67-50FF108C7BEB} = {7A98B10E-F5BE-49BC-AE2C-B444C5EAEE03}
		{46240B17-8FF5-4787-9AC9-10233F4296FC} = {7A98B10E-F5BE-49BC-AE2C-B444C5EAEE03}
		{E43AB41E-2E70-4268-8055-F5633C0F932B} = {7A98B10E-F5BE-49BC-AE2C-B444C5EAEE03}
		{823C391D-7272-4269-B159-546E3269C743} = {59DEDED3-9927-4C42-A37B-4B28450D50F2}
		{26936AB4-C580-48AF-8B2A-6ECA7942206B} = {59DEDED3-9927-4C42-A37B-4B28450D50F2}
		{788FDC23-CD25-41CE-9A18-EAF1FCEE2565} = {59DEDED3-9927-4C42-A37B-4B28450D50F2}
		{0101D550-5E2C-4F0D-81AD-81DF8FC9FDBF} = {6979C8D5-4112-4692-B0A0-F1BB2E3ACAAD}
		{B2B24417-4170-4305-9E26-38578CE41A34} = {6979C8D5-4112-4692-B0A0-F1BB2E3ACAAD}
		{06FF75BF-EC22-4733-A4FA-8237BC7CCD24} = {DF192FCB-99D4-45B2-9FDD-8A0C501BACF4}
		{D3B57131-095E-440E-8ED4-C4C23ED79527} = {6E8E5064-77F9-41E2-ADD2-76072AD19F3A}
		{6A439166-1C18-4257-BEED-E3C25988C080} = {6E8E5064-77F9-41E2-ADD2-76072AD19F3A}
		{33D73CB9-24FA-46BB-AC36-0AA4D4DACC95} = {6E8E5064-77F9-41E2-ADD2-76072AD19F3A}
		{5033C712-5912-4D17-9F70-B7538566B5FA} = {6E8E5064-77F9-41E2-ADD2-76072AD19F3A}
		{EEE380C4-010C-4DD7-A510-948A3B97D8DC} = {6E8E5064-77F9-41E2-ADD2-76072AD19F3A}
	EndGlobalSection
EndGlobal
